
Microsoft Visual Studio Solution File, Format Version 12.00
# Visual Studio Version 17
VisualStudioVersion = 17.14.36623.8 d17.14
MinimumVisualStudioVersion = 10.0.40219.1
Project("{FAE04EC0-301F-11D3-BF4B-00C04F79EFBC}") = "RimMoonCore", "RimMoonCore.csproj", "{2AC4217E-95F0-49B1-83F1-68DE45DB652E}"
EndProject
Global
	GlobalSection(SolutionConfigurationPlatforms) = preSolution
		Debug|Any CPU = Debug|Any CPU
		Release|Any CPU = Release|Any CPU
	EndGlobalSection
	GlobalSection(ProjectConfigurationPlatforms) = postSolution
		{2AC4217E-95F0-49B1-83F1-68DE45DB652E}.Debug|Any CPU.ActiveCfg = Debug|Any CPU
		{2AC4217E-95F0-49B1-83F1-68DE45DB652E}.Debug|Any CPU.Build.0 = Debug|Any CPU
		{2AC4217E-95F0-49B1-83F1-68DE45DB652E}.Release|Any CPU.ActiveCfg = Release|Any CPU
		{2AC4217E-95F0-49B1-83F1-68DE45DB652E}.Release|Any CPU.Build.0 = Release|Any CPU
	EndGlobalSection
	GlobalSection(SolutionProperties) = preSolution
		HideSolutionNode = FALSE
	EndGlobalSection
	GlobalSection(ExtensibilityGlobals) = postSolution
		SolutionGuid = {F6545B6F-3F35-4B19-B85C-4381F78FD3E3}
	EndGlobalSection
EndGlobal
